Microsoft Visual Studio Solution File, Format Version 12.00
# Visual Studio Version 17
VisualStudioVersion = 17.5.2.0
MinimumVisualStudioVersion = 10.0.40219.1
Project("{FAE04EC0-301F-11D3-BF4B-00C04F79EFBC}") = "deberes", "deberes.csproj", "{D99DF9EF-0D4B-2478-6BCD-E8C9CC90034B}"
EndProject
Global
	GlobalSection(SolutionConfigurationPlatforms) = preSolution
		Debug|Any CPU = Debug|Any CPU
		Release|Any CPU = Release|Any CPU
	EndGlobalSection
	GlobalSection(ProjectConfigurationPlatforms) = postSolution
		{D99DF9EF-0D4B-2478-6BCD-E8C9CC90034B}.Debug|Any CPU.ActiveCfg = Debug|Any CPU
		{D99DF9EF-0D4B-2478-6BCD-E8C9CC90034B}.Debug|Any CPU.Build.0 = Debug|Any CPU
		{D99DF9EF-0D4B-2478-6BCD-E8C9CC90034B}.Release|Any CPU.ActiveCfg = Release|Any CPU
		{D99DF9EF-0D4B-2478-6BCD-E8C9CC90034B}.Release|Any CPU.Build.0 = Release|Any CPU
	EndGlobalSection
	GlobalSection(SolutionProperties) = preSolution
		HideSolutionNode = FALSE
	EndGlobalSection
	GlobalSection(ExtensibilityGlobals) = postSolution
		SolutionGuid = {14CE2041-094D-47E0-9774-0D72FCF4FA79}
	EndGlobalSection
EndGlobal
